
Microsoft Visual Studio Solution File, Format Version 12.00
# Visual Studio Version 17
VisualStudioVersion = 17.14.36401.2
MinimumVisualStudioVersion = 10.0.40219.1
Project("{FAE04EC0-301F-11D3-BF4B-00C04F79EFBC}") = "RTXLauncher.Core", "RTXLauncher.Core\RTXLauncher.Core.csproj", "{94644BDB-EBBB-489D-9D9E-9405C06BA792}"
EndProject
Project("{FAE04EC0-301F-11D3-BF4B-00C04F79EFBC}") = "RTXLauncher.Avalonia", "RTXLauncher.Avalonia\RTXLauncher.Avalonia.csproj", "{AB7AE15E-EBAC-4498-9DF9-56DA79969318}"
EndProject
Project("{FAE04EC0-301F-11D3-BF4B-00C04F79EFBC}") = "RTXLauncher.WinForms", "RTXLauncher.WinForms\RTXLauncher.WinForms.csproj", "{EA994797-B818-49C8-9C23-773AA18AE86C}"
EndProject
Project("{FAE04EC0-301F-11D3-BF4B-00C04F79EFBC}") = "RTXLauncher.Fazor", "RTXLauncher.Fazor\RTXLauncher.Fazor.csproj", "{67FF2B11-A485-4E0C-94AB-523EA2CD1286}"
EndProject
Project("{FAE04EC0-301F-11D3-BF4B-00C04F79EFBC}") = "Fazor.UI", "..\..\..\..\..\tmp\Fazor\src\Fazor.UI\Fazor.UI.csproj", "{960C7EBC-8230-4854-9DEC-D52D0BE270EA}"
EndProject
Project("{FAE04EC0-301F-11D3-BF4B-00C04F79EFBC}") = "Sandbox.UI", "..\..\..\..\..\tmp\Fazor\src\Sandbox.UI\Sandbox.UI.csproj", "{B3D0DBA3-D8B5-4BFB-A5F1-B64D30DA13F2}"
EndProject
Project("{FAE04EC0-301F-11D3-BF4B-00C04F79EFBC}") = "Microsoft.AspNetCore.Components", "..\..\..\..\..\tmp\Fazor\src\Microsoft.AspNetCore.Components\Microsoft.AspNetCore.Components.csproj", "{773F62C7-035D-4D43-B182-C9B5308CE339}"
EndProject
Project("{FAE04EC0-301F-11D3-BF4B-00C04F79EFBC}") = "Sandbox.UI.Skia", "..\..\..\..\..\tmp\Fazor\src\Sandbox.UI.Skia\Sandbox.UI.Skia.csproj", "{392027BD-5553-4719-9924-26C4902E25DE}"
EndProject
Project("{FAE04EC0-301F-11D3-BF4B-00C04F79EFBC}") = "Topten.RichTextKit", "..\..\..\..\..\tmp\Fazor\thirdparty\RichTextKit\Topten.RichTextKit\Topten.RichTextKit.csproj", "{2036071C-D8CF-4BE0-89E7-86A238996EA2}"
EndProject
Project("{FAE04EC0-301F-11D3-BF4B-00C04F79EFBC}") = "Fazor.Build", "..\..\..\..\..\tmp\Fazor\src\Fazor.Build\Fazor.Build.csproj", "{D75CD721-ECDE-4488-B026-94A3F23E86B8}"
EndProject
Project("{FAE04EC0-301F-11D3-BF4B-00C04F79EFBC}") = "Sandbox.Razor", "..\..\..\..\..\tmp\Fazor\src\Sandbox.Razor\Sandbox.Razor.csproj", "{C6D82721-76D3-4FA8-B49A-841A31DCF9CB}"
EndProject
Global
	GlobalSection(SolutionConfigurationPlatforms) = preSolution
		Debug|Any CPU = Debug|Any CPU
		Debug|x64 = Debug|x64
		Debug|x86 = Debug|x86
		Release|Any CPU = Release|Any CPU
		Release|x64 = Release|x64
		Release|x86 = Release|x86
	EndGlobalSection
	GlobalSection(ProjectConfigurationPlatforms) = postSolution
		{94644BDB-EBBB-489D-9D9E-9405C06BA792}.Debug|Any CPU.ActiveCfg = Debug|Any CPU
		{94644BDB-EBBB-489D-9D9E-9405C06BA792}.Debug|Any CPU.Build.0 = Debug|Any CPU
		{94644BDB-EBBB-489D-9D9E-9405C06BA792}.Debug|x64.ActiveCfg = Debug|Any CPU
		{94644BDB-EBBB-489D-9D9E-9405C06BA792}.Debug|x64.Build.0 = Debug|Any CPU
		{94644BDB-EBBB-489D-9D9E-9405C06BA792}.Debug|x86.ActiveCfg = Debug|Any CPU
		{94644BDB-EBBB-489D-9D9E-9405C06BA792}.Debug|x86.Build.0 = Debug|Any CPU
		{94644BDB-EBBB-489D-9D9E-9405C06BA792}.Release|Any CPU.ActiveCfg = Release|Any CPU
		{94644BDB-EBBB-489D-9D9E-9405C06BA792}.Release|Any CPU.Build.0 = Release|Any CPU
		{94644BDB-EBBB-489D-9D9E-9405C06BA792}.Release|x64.ActiveCfg = Release|Any CPU
		{94644BDB-EBBB-489D-9D9E-9405C06BA792}.Release|x64.Build.0 = Release|Any CPU
		{94644BDB-EBBB-489D-9D9E-9405C06BA792}.Release|x86.ActiveCfg = Release|Any CPU
		{94644BDB-EBBB-489D-9D9E-9405C06BA792}.Release|x86.Build.0 = Release|Any CPU
		{AB7AE15E-EBAC-4498-9DF9-56DA79969318}.Debug|Any CPU.ActiveCfg = Debug|Any CPU
		{AB7AE15E-EBAC-4498-9DF9-56DA79969318}.Debug|Any CPU.Build.0 = Debug|Any CPU
		{AB7AE15E-EBAC-4498-9DF9-56DA79969318}.Debug|x64.ActiveCfg = Debug|Any CPU
		{AB7AE15E-EBAC-4498-9DF9-56DA79969318}.Debug|x64.Build.0 = Debug|Any CPU
		{AB7AE15E-EBAC-4498-9DF9-56DA79969318}.Debug|x86.ActiveCfg = Debug|Any CPU
		{AB7AE15E-EBAC-4498-9DF9-56DA79969318}.Debug|x86.Build.0 = Debug|Any CPU
		{AB7AE15E-EBAC-4498-9DF9-56DA79969318}.Release|Any CPU.ActiveCfg = Release|Any CPU
		{AB7AE15E-EBAC-4498-9DF9-56DA79969318}.Release|Any CPU.Build.0 = Release|Any CPU
		{AB7AE15E-EBAC-4498-9DF9-56DA79969318}.Release|x64.ActiveCfg = Release|Any CPU
		{AB7AE15E-EBAC-4498-9DF9-56DA79969318}.Release|x64.Build.0 = Release|Any CPU
		{AB7AE15E-EBAC-4498-9DF9-56DA79969318}.Release|x86.ActiveCfg = Release|Any CPU
		{AB7AE15E-EBAC-4498-9DF9-56DA79969318}.Release|x86.Build.0 = Release|Any CPU
		{EA994797-B818-49C8-9C23-773AA18AE86C}.Debug|Any CPU.ActiveCfg = Debug|Any CPU
		{EA994797-B818-49C8-9C23-773AA18AE86C}.Debug|Any CPU.Build.0 = Debug|Any CPU
		{EA994797-B818-49C8-9C23-773AA18AE86C}.Debug|x64.ActiveCfg = Debug|Any CPU
		{EA994797-B818-49C8-9C23-773AA18AE86C}.Debug|x64.Build.0 = Debug|Any CPU
		{EA994797-B818-49C8-9C23-773AA18AE86C}.Debug|x86.ActiveCfg = Debug|Any CPU
		{EA994797-B818-49C8-9C23-773AA18AE86C}.Debug|x86.Build.0 = Debug|Any CPU
		{EA994797-B818-49C8-9C23-773AA18AE86C}.Release|Any CPU.ActiveCfg = Release|Any CPU
		{EA994797-B818-49C8-9C23-773AA18AE86C}.Release|Any CPU.Build.0 = Release|Any CPU
		{EA994797-B818-49C8-9C23-773AA18AE86C}.Release|x64.ActiveCfg = Release|Any CPU
		{EA994797-B818-49C8-9C23-773AA18AE86C}.Release|x64.Build.0 = Release|Any CPU
		{EA994797-B818-49C8-9C23-773AA18AE86C}.Release|x86.ActiveCfg = Release|Any CPU
		{EA994797-B818-49C8-9C23-773AA18AE86C}.Release|x86.Build.0 = Release|Any CPU
		{67FF2B11-A485-4E0C-94AB-523EA2CD1286}.Debug|Any CPU.ActiveCfg = Debug|Any CPU
		{67FF2B11-A485-4E0C-94AB-523EA2CD1286}.Debug|Any CPU.Build.0 = Debug|Any CPU
		{67FF2B11-A485-4E0C-94AB-523EA2CD1286}.Debug|x64.ActiveCfg = Debug|Any CPU
		{67FF2B11-A485-4E0C-94AB-523EA2CD1286}.Debug|x64.Build.0 = Debug|Any CPU
		{67FF2B11-A485-4E0C-94AB-523EA2CD1286}.Debug|x86.ActiveCfg = Debug|Any CPU
		{67FF2B11-A485-4E0C-94AB-523EA2CD1286}.Debug|x86.Build.0 = Debug|Any CPU
		{67FF2B11-A485-4E0C-94AB-523EA2CD1286}.Release|Any CPU.ActiveCfg = Release|Any CPU
		{67FF2B11-A485-4E0C-94AB-523EA2CD1286}.Release|Any CPU.Build.0 = Release|Any CPU
		{67FF2B11-A485-4E0C-94AB-523EA2CD1286}.Release|x64.ActiveCfg = Release|Any CPU
		{67FF2B11-A485-4E0C-94AB-523EA2CD1286}.Release|x64.Build.0 = Release|Any CPU
		{67FF2B11-A485-4E0C-94AB-523EA2CD1286}.Release|x86.ActiveCfg = Release|Any CPU
		{67FF2B11-A485-4E0C-94AB-523EA2CD1286}.Release|x86.Build.0 = Release|Any CPU
		{960C7EBC-8230-4854-9DEC-D52D0BE270EA}.Debug|Any CPU.ActiveCfg = Debug|Any CPU
		{960C7EBC-8230-4854-9DEC-D52D0BE270EA}.Debug|Any CPU.Build.0 = Debug|Any CPU
		{960C7EBC-8230-4854-9DEC-D52D0BE270EA}.Debug|x64.ActiveCfg = Debug|Any CPU
		{960C7EBC-8230-4854-9DEC-D52D0BE270EA}.Debug|x64.Build.0 = Debug|Any CPU
		{960C7EBC-8230-4854-9DEC-D52D0BE270EA}.Debug|x86.ActiveCfg = Debug|Any CPU
		{960C7EBC-8230-4854-9DEC-D52D0BE270EA}.Debug|x86.Build.0 = Debug|Any CPU
		{960C7EBC-8230-4854-9DEC-D52D0BE270EA}.Release|Any CPU.ActiveCfg = Release|Any CPU
		{960C7EBC-8230-4854-9DEC-D52D0BE270EA}.Release|Any CPU.Build.0 = Release|Any CPU
		{960C7EBC-8230-4854-9DEC-D52D0BE270EA}.Release|x64.ActiveCfg = Release|Any CPU
		{960C7EBC-8230-4854-9DEC-D52D0BE270EA}.Release|x64.Build.0 = Release|Any CPU
		{960C7EBC-8230-4854-9DEC-D52D0BE270EA}.Release|x86.ActiveCfg = Release|Any CPU
		{960C7EBC-8230-4854-9DEC-D52D0BE270EA}.Release|x86.Build.0 = Release|Any CPU
		{B3D0DBA3-D8B5-4BFB-A5F1-B64D30DA13F2}.Debug|Any CPU.ActiveCfg = Debug|Any CPU
		{B3D0DBA3-D8B5-4BFB-A5F1-B64D30DA13F2}.Debug|Any CPU.Build.0 = Debug|Any CPU
		{B3D0DBA3-D8B5-4BFB-A5F1-B64D30DA13F2}.Debug|x64.ActiveCfg = Debug|Any CPU
		{B3D0DBA3-D8B5-4BFB-A5F1-B64D30DA13F2}.Debug|x64.Build.0 = Debug|Any CPU
		{B3D0DBA3-D8B5-4BFB-A5F1-B64D30DA13F2}.Debug|x86.ActiveCfg = Debug|Any CPU
		{B3D0DBA3-D8B5-4BFB-A5F1-B64D30DA13F2}.Debug|x86.Build.0 = Debug|Any CPU
		{B3D0DBA3-D8B5-4BFB-A5F1-B64D30DA13F2}.Release|Any CPU.ActiveCfg = Release|Any CPU
		{B3D0DBA3-D8B5-4BFB-A5F1-B64D30DA13F2}.Release|Any CPU.Build.0 = Release|Any CPU
		{B3D0DBA3-D8B5-4BFB-A5F1-B64D30DA13F2}.Release|x64.ActiveCfg = Release|Any CPU
		{B3D0DBA3-D8B5-4BFB-A5F1-B64D30DA13F2}.Release|x64.Build.0 = Release|Any CPU
		{B3D0DBA3-D8B5-4BFB-A5F1-B64D30DA13F2}.Release|x86.ActiveCfg = Release|Any CPU
		{B3D0DBA3-D8B5-4BFB-A5F1-B64D30DA13F2}.Release|x86.Build.0 = Release|Any CPU
		{773F62C7-035D-4D43-B182-C9B5308CE339}.Debug|Any CPU.ActiveCfg = Debug|Any CPU
		{773F62C7-035D-4D43-B182-C9B5308CE339}.Debug|Any CPU.Build.0 = Debug|Any CPU
		{773F62C7-035D-4D43-B182-C9B5308CE339}.Debug|x64.ActiveCfg = Debug|Any CPU
		{773F62C7-035D-4D43-B182-C9B5308CE339}.Debug|x64.Build.0 = Debug|Any CPU
		{773F62C7-035D-4D43-B182-C9B5308CE339}.Debug|x86.ActiveCfg = Debug|Any CPU
		{773F62C7-035D-4D43-B182-C9B5308CE339}.Debug|x86.Build.0 = Debug|Any CPU
		{773F62C7-035D-4D43-B182-C9B5308CE339}.Release|Any CPU.ActiveCfg = Release|Any CPU
		{773F62C7-035D-4D43-B182-C9B5308CE339}.Release|Any CPU.Build.0 = Release|Any CPU
		{773F62C7-035D-4D43-B182-C9B5308CE339}.Release|x64.ActiveCfg = Release|Any CPU
		{773F62C7-035D-4D43-B182-C9B5308CE339}.Release|x64.Build.0 = Release|Any CPU
		{773F62C7-035D-4D43-B182-C9B5308CE339}.Release|x86.ActiveCfg = Release|Any CPU
		{773F62C7-035D-4D43-B182-C9B5308CE339}.Release|x86.Build.0 = Release|Any CPU
		{392027BD-5553-4719-9924-26C4902E25DE}.Debug|Any CPU.ActiveCfg = Debug|Any CPU
		{392027BD-5553-4719-9924-26C4902E25DE}.Debug|Any CPU.Build.0 = Debug|Any CPU
		{392027BD-5553-4719-9924-26C4902E25DE}.Debug|x64.ActiveCfg = Debug|Any CPU
		{392027BD-5553-4719-9924-26C4902E25DE}.Debug|x64.Build.0 = Debug|Any CPU
		{392027BD-5553-4719-9924-26C4902E25DE}.Debug|x86.ActiveCfg = Debug|Any CPU
		{392027BD-5553-4719-9924-26C4902E25DE}.Debug|x86.Build.0 = Debug|Any CPU
		{392027BD-5553-4719-9924-26C4902E25DE}.Release|Any CPU.ActiveCfg = Release|Any CPU
		{392027BD-5553-4719-9924-26C4902E25DE}.Release|Any CPU.Build.0 = Release|Any CPU
		{392027BD-5553-4719-9924-26C4902E25DE}.Release|x64.ActiveCfg = Release|Any CPU
		{392027BD-5553-4719-9924-26C4902E25DE}.Release|x64.Build.0 = Release|Any CPU
		{392027BD-5553-4719-9924-26C4902E25DE}.Release|x86.ActiveCfg = Release|Any CPU
		{392027BD-5553-4719-9924-26C4902E25DE}.Release|x86.Build.0 = Release|Any CPU
		{2036071C-D8CF-4BE0-89E7-86A238996EA2}.Debug|Any CPU.ActiveCfg = Debug|Any CPU
		{2036071C-D8CF-4BE0-89E7-86A238996EA2}.Debug|Any CPU.Build.0 = Debug|Any CPU
		{2036071C-D8CF-4BE0-89E7-86A238996EA2}.Debug|x64.ActiveCfg = Debug|Any CPU
		{2036071C-D8CF-4BE0-89E7-86A238996EA2}.Debug|x64.Build.0 = Debug|Any CPU
		{2036071C-D8CF-4BE0-89E7-86A238996EA2}.Debug|x86.ActiveCfg = Debug|Any CPU
		{2036071C-D8CF-4BE0-89E7-86A238996EA2}.Debug|x86.Build.0 = Debug|Any CPU
		{2036071C-D8CF-4BE0-89E7-86A238996EA2}.Release|Any CPU.ActiveCfg = Release|Any CPU
		{2036071C-D8CF-4BE0-89E7-86A238996EA2}.Release|Any CPU.Build.0 = Release|Any CPU
		{2036071C-D8CF-4BE0-89E7-86A238996EA2}.Release|x64.ActiveCfg = Release|Any CPU
		{2036071C-D8CF-4BE0-89E7-86A238996EA2}.Release|x64.Build.0 = Release|Any CPU
		{2036071C-D8CF-4BE0-89E7-86A238996EA2}.Release|x86.ActiveCfg = Release|Any CPU
		{2036071C-D8CF-4BE0-89E7-86A238996EA2}.Release|x86.Build.0 = Release|Any CPU
		{D75CD721-ECDE-4488-B026-94A3F23E86B8}.Debug|Any CPU.ActiveCfg = Debug|Any CPU
		{D75CD721-ECDE-4488-B026-94A3F23E86B8}.Debug|Any CPU.Build.0 = Debug|Any CPU
		{D75CD721-ECDE-4488-B026-94A3F23E86B8}.Debug|x64.ActiveCfg = Debug|Any CPU
		{D75CD721-ECDE-4488-B026-94A3F23E86B8}.Debug|x64.Build.0 = Debug|Any CPU
		{D75CD721-ECDE-4488-B026-94A3F23E86B8}.Debug|x86.ActiveCfg = Debug|Any CPU
		{D75CD721-ECDE-4488-B026-94A3F23E86B8}.Debug|x86.Build.0 = Debug|Any CPU
		{D75CD721-ECDE-4488-B026-94A3F23E86B8}.Release|Any CPU.ActiveCfg = Release|Any CPU
		{D75CD721-ECDE-4488-B026-94A3F23E86B8}.Release|Any CPU.Build.0 = Release|Any CPU
		{D75CD721-ECDE-4488-B026-94A3F23E86B8}.Release|x64.ActiveCfg = Release|Any CPU
		{D75CD721-ECDE-4488-B026-94A3F23E86B8}.Release|x64.Build.0 = Release|Any CPU
		{D75CD721-ECDE-4488-B026-94A3F23E86B8}.Release|x86.ActiveCfg = Release|Any CPU
		{D75CD721-ECDE-4488-B026-94A3F23E86B8}.Release|x86.Build.0 = Release|Any CPU
		{C6D82721-76D3-4FA8-B49A-841A31DCF9CB}.Debug|Any CPU.ActiveCfg = Debug|Any CPU
		{C6D82721-76D3-4FA8-B49A-841A31DCF9CB}.Debug|Any CPU.Build.0 = Debug|Any CPU
		{C6D82721-76D3-4FA8-B49A-841A31DCF9CB}.Debug|x64.ActiveCfg = Debug|Any CPU
		{C6D82721-76D3-4FA8-B49A-841A31DCF9CB}.Debug|x64.Build.0 = Debug|Any CPU
		{C6D82721-76D3-4FA8-B49A-841A31DCF9CB}.Debug|x86.ActiveCfg = Debug|Any CPU
		{C6D82721-76D3-4FA8-B49A-841A31DCF9CB}.Debug|x86.Build.0 = Debug|Any CPU
		{C6D82721-76D3-4FA8-B49A-841A31DCF9CB}.Release|Any CPU.ActiveCfg = Release|Any CPU
		{C6D82721-76D3-4FA8-B49A-841A31DCF9CB}.Release|Any CPU.Build.0 = Release|Any CPU
		{C6D82721-76D3-4FA8-B49A-841A31DCF9CB}.Release|x64.ActiveCfg = Release|Any CPU
		{C6D82721-76D3-4FA8-B49A-841A31DCF9CB}.Release|x64.Build.0 = Release|Any CPU
		{C6D82721-76D3-4FA8-B49A-841A31DCF9CB}.Release|x86.ActiveCfg = Release|Any CPU
		{C6D82721-76D3-4FA8-B49A-841A31DCF9CB}.Release|x86.Build.0 = Release|Any CPU
	EndGlobalSection
	GlobalSection(SolutionProperties) = preSolution
		HideSolutionNode = FALSE
	EndGlobalSection
	GlobalSection(ExtensibilityGlobals) = postSolution
		SolutionGuid = {01514237-FF59-4F54-BD48-F5BC7DE7F1A4}
	EndGlobalSection
EndGlobal
